
Microsoft Visual Studio Solution File, Format Version 12.00
# Visual Studio 14
VisualStudioVersion = 14.0.25420.1
MinimumVisualStudioVersion = 10.0.40219.1
Project("{FAE04EC0-301F-11D3-BF4B-00C04F79EFBC}") = "CSharpApp", "src\CSharpApp\CSharpApp.csproj", "{F3CB947F-70C5-45A4-BF95-8FAB4A7BE08E}"
EndProject
Project("{2150E333-8FDC-42A3-9474-1A3956D46DE8}") = "Solution Items", "Solution Items", "{B86D81A9-E62E-40C5-9FED-6C91FB324A65}"
	ProjectSection(SolutionItems) = preProject
		src\Blobs.fsx = src\Blobs.fsx
		src\BlobsTp.fsx = src\BlobsTp.fsx
		src\TablesPrep.fsx = src\TablesPrep.fsx
		src\TablesTp.fsx = src\TablesTp.fsx
		src\TableSchema.json = src\TableSchema.json
		src\HotLoading.fsx = src\HotLoading.fsx
	EndProjectSection
EndProject
Global
	GlobalSection(SolutionConfigurationPlatforms) = preSolution
		Debug|Any CPU = Debug|Any CPU
		Release|Any CPU = Release|Any CPU
	EndGlobalSection
	GlobalSection(ProjectConfigurationPlatforms) = postSolution
		{F3CB947F-70C5-45A4-BF95-8FAB4A7BE08E}.Debug|Any CPU.ActiveCfg = Debug|Any CPU
		{F3CB947F-70C5-45A4-BF95-8FAB4A7BE08E}.Debug|Any CPU.Build.0 = Debug|Any CPU
		{F3CB947F-70C5-45A4-BF95-8FAB4A7BE08E}.Release|Any CPU.ActiveCfg = Release|Any CPU
		{F3CB947F-70C5-45A4-BF95-8FAB4A7BE08E}.Release|Any CPU.Build.0 = Release|Any CPU
	EndGlobalSection
	GlobalSection(SolutionProperties) = preSolution
		HideSolutionNode = FALSE
	EndGlobalSection
EndGlobal
